// !$*UTF8*$!
{
	archiveVersion = 1;
	classes = {
	};
	objectVersion = 56;
	objects = {

/* Begin PBXBuildFile section */
		1701D4902A4787FC00131D3B /* ActivityBlock.swift in Sources */ = {isa = PBXBuildFile; fileRef = 1701D48F2A4787FC00131D3B /* ActivityBlock.swift */; };
		1701D4A12A4E35D300131D3B /* DataModel.xcdatamodeld in Sources */ = {isa = PBXBuildFile; fileRef = 1701D49F2A4E35D300131D3B /* DataModel.xcdatamodeld */; };
		1701D4A32A4E36BA00131D3B /* DataManager.swift in Sources */ = {isa = PBXBuildFile; fileRef = 1701D4A22A4E36BA00131D3B /* DataManager.swift */; };
		170AC2B22A42EFC700DBB340 /* Activity.swift in Sources */ = {isa = PBXBuildFile; fileRef = 170AC2B12A42EFC700DBB340 /* Activity.swift */; };
		170AC2B42A42F52F00DBB340 /* Settings.swift in Sources */ = {isa = PBXBuildFile; fileRef = 170AC2B32A42F52F00DBB340 /* Settings.swift */; };
		170AC2B82A42FA9A00DBB340 /* ArchiveView.swift in Sources */ = {isa = PBXBuildFile; fileRef = 170AC2B72A42FA9A00DBB340 /* ArchiveView.swift */; };
		170AC2BA2A43035B00DBB340 /* TaskView.swift in Sources */ = {isa = PBXBuildFile; fileRef = 170AC2B92A43035B00DBB340 /* TaskView.swift */; };
		170AC2BC2A4312FD00DBB340 /* TaskManagerModel.swift in Sources */ = {isa = PBXBuildFile; fileRef = 170AC2BB2A4312FD00DBB340 /* TaskManagerModel.swift */; };
		170AC2BE2A435D8D00DBB340 /* AchievementComponentView.swift in Sources */ = {isa = PBXBuildFile; fileRef = 170AC2BD2A435D8D00DBB340 /* AchievementComponentView.swift */; };
		170AC2C02A43718E00DBB340 /* AchievementView.swift in Sources */ = {isa = PBXBuildFile; fileRef = 170AC2BF2A43718E00DBB340 /* AchievementView.swift */; };
		171ECA7F2A41140500EF3EFE /* TaskApp.swift in Sources */ = {isa = PBXBuildFile; fileRef = 171ECA7E2A41140500EF3EFE /* TaskApp.swift */; };
		171ECA812A41140500EF3EFE /* HomeView.swift in Sources */ = {isa = PBXBuildFile; fileRef = 171ECA802A41140500EF3EFE /* HomeView.swift */; };
		171ECA832A41140600EF3EFE /* Assets.xcassets in Resources */ = {isa = PBXBuildFile; fileRef = 171ECA822A41140600EF3EFE /* Assets.xcassets */; };
		171ECA862A41140600EF3EFE /* Preview Assets.xcassets in Resources */ = {isa = PBXBuildFile; fileRef = 171ECA852A41140600EF3EFE /* Preview Assets.xcassets */; };
		171ECA932A41DAF100EF3EFE /* TodayComponentView.swift in Sources */ = {isa = PBXBuildFile; fileRef = 171ECA922A41DAF100EF3EFE /* TodayComponentView.swift */; };
		171ECA962A41DBA200EF3EFE /* WidgetDetailView.swift in Sources */ = {isa = PBXBuildFile; fileRef = 171ECA952A41DBA200EF3EFE /* WidgetDetailView.swift */; };
		171ECA982A41DCBD00EF3EFE /* ChangeTargetButtonView.swift in Sources */ = {isa = PBXBuildFile; fileRef = 171ECA972A41DCBD00EF3EFE /* ChangeTargetButtonView.swift */; };
		171ECA9C2A41E00D00EF3EFE /* CounterTargetComponents.swift in Sources */ = {isa = PBXBuildFile; fileRef = 171ECA9B2A41E00D00EF3EFE /* CounterTargetComponents.swift */; };
		171ECA9E2A41E8CB00EF3EFE /* CircularCharView.swift in Sources */ = {isa = PBXBuildFile; fileRef = 171ECA9D2A41E8CB00EF3EFE /* CircularCharView.swift */; };
		171ECAA02A41EB5000EF3EFE /* WidgetComponentView.swift in Sources */ = {isa = PBXBuildFile; fileRef = 171ECA9F2A41EB5000EF3EFE /* WidgetComponentView.swift */; };
		17EF442C2A4478A000104354 /* StatisticView.swift in Sources */ = {isa = PBXBuildFile; fileRef = 17EF442B2A4478A000104354 /* StatisticView.swift */; };
		17EF44322A44B6F200104354 /* BlurView.swift in Sources */ = {isa = PBXBuildFile; fileRef = 17EF44312A44B6F200104354 /* BlurView.swift */; };
		17EF44342A44BC0000104354 /* Constants.swift in Sources */ = {isa = PBXBuildFile; fileRef = 17EF44332A44BC0000104354 /* Constants.swift */; };
		17EF44362A44ECE400104354 /* ColorExtension.swift in Sources */ = {isa = PBXBuildFile; fileRef = 17EF44352A44ECE400104354 /* ColorExtension.swift */; };
		17EF44392A44F48300104354 /* DemoView.swift in Sources */ = {isa = PBXBuildFile; fileRef = 17EF44382A44F48300104354 /* DemoView.swift */; };
/* End PBXBuildFile section */

/* Begin PBXFileReference section */
		1701D48F2A4787FC00131D3B /* ActivityBlock.swift */ = {isa = PBXFileReference; lastKnownFileType = sourcecode.swift; path = ActivityBlock.swift; sourceTree = "<group>"; };
		1701D4A02A4E35D300131D3B /* DataModel.xcdatamodel */ = {isa = PBXFileReference; lastKnownFileType = wrapper.xcdatamodel; path = DataModel.xcdatamodel; sourceTree = "<group>"; };
		1701D4A22A4E36BA00131D3B /* DataManager.swift */ = {isa = PBXFileReference; lastKnownFileType = sourcecode.swift; path = DataManager.swift; sourceTree = "<group>"; };
		170AC2B12A42EFC700DBB340 /* Activity.swift */ = {isa = PBXFileReference; lastKnownFileType = sourcecode.swift; path = Activity.swift; sourceTree = "<group>"; };
		170AC2B32A42F52F00DBB340 /* Settings.swift */ = {isa = PBXFileReference; lastKnownFileType = sourcecode.swift; path = Settings.swift; sourceTree = "<group>"; };
		170AC2B72A42FA9A00DBB340 /* ArchiveView.swift */ = {isa = PBXFileReference; lastKnownFileType = sourcecode.swift; path = ArchiveView.swift; sourceTree = "<group>"; };
		170AC2B92A43035B00DBB340 /* TaskView.swift */ = {isa = PBXFileReference; lastKnownFileType = sourcecode.swift; path = TaskView.swift; sourceTree = "<group>"; };
		170AC2BB2A4312FD00DBB340 /* TaskManagerModel.swift */ = {isa = PBXFileReference; lastKnownFileType = sourcecode.swift; path = TaskManagerModel.swift; sourceTree = "<group>"; };
		170AC2BD2A435D8D00DBB340 /* AchievementComponentView.swift */ = {isa = PBXFileReference; lastKnownFileType = sourcecode.swift; path = AchievementComponentView.swift; sourceTree = "<group>"; };
		170AC2BF2A43718E00DBB340 /* AchievementView.swift */ = {isa = PBXFileReference; lastKnownFileType = sourcecode.swift; path = AchievementView.swift; sourceTree = "<group>"; };
		171ECA7B2A41140500EF3EFE /* Task.app */ = {isa = PBXFileReference; explicitFileType = wrapper.application; includeInIndex = 0; path = Task.app; sourceTree = BUILT_PRODUCTS_DIR; };
		171ECA7E2A41140500EF3EFE /* TaskApp.swift */ = {isa = PBXFileReference; lastKnownFileType = sourcecode.swift; path = TaskApp.swift; sourceTree = "<group>"; };
		171ECA802A41140500EF3EFE /* HomeView.swift */ = {isa = PBXFileReference; lastKnownFileType = sourcecode.swift; path = HomeView.swift; sourceTree = "<group>"; };
		171ECA822A41140600EF3EFE /* Assets.xcassets */ = {isa = PBXFileReference; lastKnownFileType = folder.assetcatalog; path = Assets.xcassets; sourceTree = "<group>"; };
		171ECA852A41140600EF3EFE /* Preview Assets.xcassets */ = {isa = PBXFileReference; lastKnownFileType = folder.assetcatalog; path = "Preview Assets.xcassets"; sourceTree = "<group>"; };
		171ECA922A41DAF100EF3EFE /* TodayComponentView.swift */ = {isa = PBXFileReference; lastKnownFileType = sourcecode.swift; path = TodayComponentView.swift; sourceTree = "<group>"; };
		171ECA952A41DBA200EF3EFE /* WidgetDetailView.swift */ = {isa = PBXFileReference; lastKnownFileType = sourcecode.swift; path = WidgetDetailView.swift; sourceTree = "<group>"; };
		171ECA972A41DCBD00EF3EFE /* ChangeTargetButtonView.swift */ = {isa = PBXFileReference; lastKnownFileType = sourcecode.swift; path = ChangeTargetButtonView.swift; sourceTree = "<group>"; };
		171ECA9B2A41E00D00EF3EFE /* CounterTargetComponents.swift */ = {isa = PBXFileReference; lastKnownFileType = sourcecode.swift; path = CounterTargetComponents.swift; sourceTree = "<group>"; };
		171ECA9D2A41E8CB00EF3EFE /* CircularCharView.swift */ = {isa = PBXFileReference; lastKnownFileType = sourcecode.swift; path = CircularCharView.swift; sourceTree = "<group>"; };
		171ECA9F2A41EB5000EF3EFE /* WidgetComponentView.swift */ = {isa = PBXFileReference; lastKnownFileType = sourcecode.swift; path = WidgetComponentView.swift; sourceTree = "<group>"; };
		17EF442B2A4478A000104354 /* StatisticView.swift */ = {isa = PBXFileReference; lastKnownFileType = sourcecode.swift; path = StatisticView.swift; sourceTree = "<group>"; };
		17EF44312A44B6F200104354 /* BlurView.swift */ = {isa = PBXFileReference; lastKnownFileType = sourcecode.swift; path = BlurView.swift; sourceTree = "<group>"; };
		17EF44332A44BC0000104354 /* Constants.swift */ = {isa = PBXFileReference; lastKnownFileType = sourcecode.swift; path = Constants.swift; sourceTree = "<group>"; };
		17EF44352A44ECE400104354 /* ColorExtension.swift */ = {isa = PBXFileReference; lastKnownFileType = sourcecode.swift; path = ColorExtension.swift; sourceTree = "<group>"; };
		17EF44382A44F48300104354 /* DemoView.swift */ = {isa = PBXFileReference; lastKnownFileType = sourcecode.swift; path = DemoView.swift; sourceTree = "<group>"; };
/* End PBXFileReference section */

/* Begin PBXFrameworksBuildPhase section */
		171ECA782A41140500EF3EFE /* Frameworks */ = {
			isa = PBXFrameworksBuildPhase;
			buildActionMask = 2147483647;
			files = (
			);
			runOnlyForDeploymentPostprocessing = 0;
		};
/* End PBXFrameworksBuildPhase section */

/* Begin PBXGroup section */
		1701D4912A49D17000131D3B /* Data */ = {
			isa = PBXGroup;
			children = (
				1701D49F2A4E35D300131D3B /* DataModel.xcdatamodeld */,
				1701D4A22A4E36BA00131D3B /* DataManager.swift */,
			);
			path = Data;
			sourceTree = "<group>";
		};
		171ECA722A41140500EF3EFE = {
			isa = PBXGroup;
			children = (
				171ECA7D2A41140500EF3EFE /* Task */,
				171ECA7C2A41140500EF3EFE /* Products */,
			);
			sourceTree = "<group>";
		};
		171ECA7C2A41140500EF3EFE /* Products */ = {
			isa = PBXGroup;
			children = (
				171ECA7B2A41140500EF3EFE /* Task.app */,
			);
			name = Products;
			sourceTree = "<group>";
		};
		171ECA7D2A41140500EF3EFE /* Task */ = {
			isa = PBXGroup;
			children = (
				1701D4912A49D17000131D3B /* Data */,
				171ECA8D2A41C57800EF3EFE /* Model */,
				171ECA8C2A41C56300EF3EFE /* View */,
				171ECA942A41DB0400EF3EFE /* Components */,
				171ECA8F2A41C5C300EF3EFE /* Extensions */,
				171ECA8E2A41C59100EF3EFE /* Supporting Files */,
				171ECA7E2A41140500EF3EFE /* TaskApp.swift */,
				171ECA842A41140600EF3EFE /* Preview Content */,
				17EF44382A44F48300104354 /* DemoView.swift */,
			);
			path = Task;
			sourceTree = "<group>";
		};
		171ECA842A41140600EF3EFE /* Preview Content */ = {
			isa = PBXGroup;
			children = (
				171ECA852A41140600EF3EFE /* Preview Assets.xcassets */,
			);
			path = "Preview Content";
			sourceTree = "<group>";
		};
		171ECA8C2A41C56300EF3EFE /* View */ = {
			isa = PBXGroup;
			children = (
				170AC2B12A42EFC700DBB340 /* Activity.swift */,
				171ECA802A41140500EF3EFE /* HomeView.swift */,
				170AC2B72A42FA9A00DBB340 /* ArchiveView.swift */,
				171ECA952A41DBA200EF3EFE /* WidgetDetailView.swift */,
				170AC2B32A42F52F00DBB340 /* Settings.swift */,
				170AC2B92A43035B00DBB340 /* TaskView.swift */,
				170AC2BF2A43718E00DBB340 /* AchievementView.swift */,
				17EF442B2A4478A000104354 /* StatisticView.swift */,
			);
			path = View;
			sourceTree = "<group>";
		};
		171ECA8D2A41C57800EF3EFE /* Model */ = {
			isa = PBXGroup;
			children = (
				170AC2BB2A4312FD00DBB340 /* TaskManagerModel.swift */,
			);
			path = Model;
			sourceTree = "<group>";
		};
		171ECA8E2A41C59100EF3EFE /* Supporting Files */ = {
			isa = PBXGroup;
			children = (
				171ECA822A41140600EF3EFE /* Assets.xcassets */,
			);
			path = "Supporting Files";
			sourceTree = "<group>";
		};
		171ECA8F2A41C5C300EF3EFE /* Extensions */ = {
			isa = PBXGroup;
			children = (
				17EF44312A44B6F200104354 /* BlurView.swift */,
				17EF44332A44BC0000104354 /* Constants.swift */,
				17EF44352A44ECE400104354 /* ColorExtension.swift */,
			);
			path = Extensions;
			sourceTree = "<group>";
		};
		171ECA942A41DB0400EF3EFE /* Components */ = {
			isa = PBXGroup;
			children = (
				171ECA922A41DAF100EF3EFE /* TodayComponentView.swift */,
				171ECA972A41DCBD00EF3EFE /* ChangeTargetButtonView.swift */,
				171ECA9B2A41E00D00EF3EFE /* CounterTargetComponents.swift */,
				171ECA9D2A41E8CB00EF3EFE /* CircularCharView.swift */,
				171ECA9F2A41EB5000EF3EFE /* WidgetComponentView.swift */,
				170AC2BD2A435D8D00DBB340 /* AchievementComponentView.swift */,
				1701D48F2A4787FC00131D3B /* ActivityBlock.swift */,
			);
			path = Components;
			sourceTree = "<group>";
		};
/* End PBXGroup section */

/* Begin PBXNativeTarget section */
		171ECA7A2A41140500EF3EFE /* Task */ = {
			isa = PBXNativeTarget;
			buildConfigurationList = 171ECA892A41140600EF3EFE /* Build configuration list for PBXNativeTarget "Task" */;
			buildPhases = (
				171ECA772A41140500EF3EFE /* Sources */,
				171ECA782A41140500EF3EFE /* Frameworks */,
				171ECA792A41140500EF3EFE /* Resources */,
			);
			buildRules = (
			);
			dependencies = (
			);
			name = Task;
			productName = Task;
			productReference = 171ECA7B2A41140500EF3EFE /* Task.app */;
			productType = "com.apple.product-type.application";
		};
/* End PBXNativeTarget section */

/* Begin PBXProject section */
		171ECA732A41140500EF3EFE /* Project object */ = {
			isa = PBXProject;
			attributes = {
				BuildIndependentTargetsInParallel = 1;
				LastSwiftUpdateCheck = 1420;
				LastUpgradeCheck = 1420;
				TargetAttributes = {
					171ECA7A2A41140500EF3EFE = {
						CreatedOnToolsVersion = 14.2;
					};
				};
			};
			buildConfigurationList = 171ECA762A41140500EF3EFE /* Build configuration list for PBXProject "Task" */;
			compatibilityVersion = "Xcode 14.0";
			developmentRegion = en;
			hasScannedForEncodings = 0;
			knownRegions = (
				en,
				Base,
			);
			mainGroup = 171ECA722A41140500EF3EFE;
			productRefGroup = 171ECA7C2A41140500EF3EFE /* Products */;
			projectDirPath = "";
			projectRoot = "";
			targets = (
				171ECA7A2A41140500EF3EFE /* Task */,
			);
		};
/* End PBXProject section */

/* Begin PBXResourcesBuildPhase section */
		171ECA792A41140500EF3EFE /* Resources */ = {
			isa = PBXResourcesBuildPhase;
			buildActionMask = 2147483647;
			files = (
				171ECA862A41140600EF3EFE /* Preview Assets.xcassets in Resources */,
				171ECA832A41140600EF3EFE /* Assets.xcassets in Resources */,
			);
			runOnlyForDeploymentPostprocessing = 0;
		};
/* End PBXResourcesBuildPhase section */

/* Begin PBXSourcesBuildPhase section */
		171ECA772A41140500EF3EFE /* Sources */ = {
			isa = PBXSourcesBuildPhase;
			buildActionMask = 2147483647;
			files = (
				171ECA812A41140500EF3EFE /* HomeView.swift in Sources */,
				170AC2C02A43718E00DBB340 /* AchievementView.swift in Sources */,
				170AC2BC2A4312FD00DBB340 /* TaskManagerModel.swift in Sources */,
				170AC2BE2A435D8D00DBB340 /* AchievementComponentView.swift in Sources */,
				170AC2B42A42F52F00DBB340 /* Settings.swift in Sources */,
				1701D4A32A4E36BA00131D3B /* DataManager.swift in Sources */,
				171ECA932A41DAF100EF3EFE /* TodayComponentView.swift in Sources */,
				171ECA982A41DCBD00EF3EFE /* ChangeTargetButtonView.swift in Sources */,
				17EF44362A44ECE400104354 /* ColorExtension.swift in Sources */,
				170AC2BA2A43035B00DBB340 /* TaskView.swift in Sources */,
				170AC2B82A42FA9A00DBB340 /* ArchiveView.swift in Sources */,
				171ECA9E2A41E8CB00EF3EFE /* CircularCharView.swift in Sources */,
				1701D4A12A4E35D300131D3B /* DataModel.xcdatamodeld in Sources */,
				170AC2B22A42EFC700DBB340 /* Activity.swift in Sources */,
				17EF442C2A4478A000104354 /* StatisticView.swift in Sources */,
				17EF44342A44BC0000104354 /* Constants.swift in Sources */,
				171ECAA02A41EB5000EF3EFE /* WidgetComponentView.swift in Sources */,
				171ECA9C2A41E00D00EF3EFE /* CounterTargetComponents.swift in Sources */,
				17EF44392A44F48300104354 /* DemoView.swift in Sources */,
				17EF44322A44B6F200104354 /* BlurView.swift in Sources */,
				171ECA962A41DBA200EF3EFE /* WidgetDetailView.swift in Sources */,
				1701D4902A4787FC00131D3B /* ActivityBlock.swift in Sources */,
				171ECA7F2A41140500EF3EFE /* TaskApp.swift in Sources */,
			);
			runOnlyForDeploymentPostprocessing = 0;
		};
/* End PBXSourcesBuildPhase section */

/* Begin XCBuildConfiguration section */
		171ECA872A41140600EF3EFE /* Debug */ = {
			isa = XCBuildConfiguration;
			buildSettings = {
				ALWAYS_SEARCH_USER_PATHS = NO;
				CLANG_ANALYZER_NONNULL = YES;
				CLANG_ANALYZER_NUMBER_OBJECT_CONVERSION = YES_AGGRESSIVE;
				CLANG_CXX_LANGUAGE_STANDARD = "gnu++20";
				CLANG_ENABLE_MODULES = YES;
				CLANG_ENABLE_OBJC_ARC = YES;
				CLANG_ENABLE_OBJC_WEAK = YES;
				CLANG_WARN_BLOCK_CAPTURE_AUTORELEASING = YES;
				CLANG_WARN_BOOL_CONVERSION = YES;
				CLANG_WARN_COMMA = YES;
				CLANG_WARN_CONSTANT_CONVERSION = YES;
				CLANG_WARN_DEPRECATED_OBJC_IMPLEMENTATIONS = YES;
				CLANG_WARN_DIRECT_OBJC_ISA_USAGE = YES_ERROR;
				CLANG_WARN_DOCUMENTATION_COMMENTS = YES;
				CLANG_WARN_EMPTY_BODY = YES;
				CLANG_WARN_ENUM_CONVERSION = YES;
				CLANG_WARN_INFINITE_RECURSION = YES;
				CLANG_WARN_INT_CONVERSION = YES;
				CLANG_WARN_NON_LITERAL_NULL_CONVERSION = YES;
				CLANG_WARN_OBJC_IMPLICIT_RETAIN_SELF = YES;
				CLANG_WARN_OBJC_LITERAL_CONVERSION = YES;
				CLANG_WARN_OBJC_ROOT_CLASS = YES_ERROR;
				CLANG_WARN_QUOTED_INCLUDE_IN_FRAMEWORK_HEADER = YES;
				CLANG_WARN_RANGE_LOOP_ANALYSIS = YES;
				CLANG_WARN_STRICT_PROTOTYPES = YES;
				CLANG_WARN_SUSPICIOUS_MOVE = YES;
				CLANG_WARN_UNGUARDED_AVAILABILITY = YES_AGGRESSIVE;
				CLANG_WARN_UNREACHABLE_CODE = YES;
				CLANG_WARN__DUPLICATE_METHOD_MATCH = YES;
				COPY_PHASE_STRIP = NO;
				DEBUG_INFORMATION_FORMAT = dwarf;
				ENABLE_STRICT_OBJC_MSGSEND = YES;
				ENABLE_TESTABILITY = YES;
				GCC_C_LANGUAGE_STANDARD = gnu11;
				GCC_DYNAMIC_NO_PIC = NO;
				GCC_NO_COMMON_BLOCKS = YES;
				GCC_OPTIMIZATION_LEVEL = 0;
				GCC_PREPROCESSOR_DEFINITIONS = (
					"DEBUG=1",
					"$(inherited)",
				);
				GCC_WARN_64_TO_32_BIT_CONVERSION = YES;
				GCC_WARN_ABOUT_RETURN_TYPE = YES_ERROR;
				GCC_WARN_UNDECLARED_SELECTOR = YES;
				GCC_WARN_UNINITIALIZED_AUTOS = YES_AGGRESSIVE;
				GCC_WARN_UNUSED_FUNCTION = YES;
				GCC_WARN_UNUSED_VARIABLE = YES;
				IPHONEOS_DEPLOYMENT_TARGET = 16.2;
				MTL_ENABLE_DEBUG_INFO = INCLUDE_SOURCE;
				MTL_FAST_MATH = YES;
				ONLY_ACTIVE_ARCH = YES;
				SDKROOT = iphoneos;
				SWIFT_ACTIVE_COMPILATION_CONDITIONS = DEBUG;
				SWIFT_OPTIMIZATION_LEVEL = "-Onone";
			};
			name = Debug;
		};
		171ECA882A41140600EF3EFE /* Release */ = {
			isa = XCBuildConfiguration;
			buildSettings = {
				ALWAYS_SEARCH_USER_PATHS = NO;
				CLANG_ANALYZER_NONNULL = YES;
				CLANG_ANALYZER_NUMBER_OBJECT_CONVERSION = YES_AGGRESSIVE;
				CLANG_CXX_LANGUAGE_STANDARD = "gnu++20";
				CLANG_ENABLE_MODULES = YES;
				CLANG_ENABLE_OBJC_ARC = YES;
				CLANG_ENABLE_OBJC_WEAK = YES;
				CLANG_WARN_BLOCK_CAPTURE_AUTORELEASING = YES;
				CLANG_WARN_BOOL_CONVERSION = YES;
				CLANG_WARN_COMMA = YES;
				CLANG_WARN_CONSTANT_CONVERSION = YES;
				CLANG_WARN_DEPRECATED_OBJC_IMPLEMENTATIONS = YES;
				CLANG_WARN_DIRECT_OBJC_ISA_USAGE = YES_ERROR;
				CLANG_WARN_DOCUMENTATION_COMMENTS = YES;
				CLANG_WARN_EMPTY_BODY = YES;
				CLANG_WARN_ENUM_CONVERSION = YES;
				CLANG_WARN_INFINITE_RECURSION = YES;
				CLANG_WARN_INT_CONVERSION = YES;
				CLANG_WARN_NON_LITERAL_NULL_CONVERSION = YES;
				CLANG_WARN_OBJC_IMPLICIT_RETAIN_SELF = YES;
				CLANG_WARN_OBJC_LITERAL_CONVERSION = YES;
				CLANG_WARN_OBJC_ROOT_CLASS = YES_ERROR;
				CLANG_WARN_QUOTED_INCLUDE_IN_FRAMEWORK_HEADER = YES;
				CLANG_WARN_RANGE_LOOP_ANALYSIS = YES;
				CLANG_WARN_STRICT_PROTOTYPES = YES;
				CLANG_WARN_SUSPICIOUS_MOVE = YES;
				CLANG_WARN_UNGUARDED_AVAILABILITY = YES_AGGRESSIVE;
				CLANG_WARN_UNREACHABLE_CODE = YES;
				CLANG_WARN__DUPLICATE_METHOD_MATCH = YES;
				COPY_PHASE_STRIP = NO;
				DEBUG_INFORMATION_FORMAT = "dwarf-with-dsym";
				ENABLE_NS_ASSERTIONS = NO;
				ENABLE_STRICT_OBJC_MSGSEND = YES;
				GCC_C_LANGUAGE_STANDARD = gnu11;
				GCC_NO_COMMON_BLOCKS = YES;
				GCC_WARN_64_TO_32_BIT_CONVERSION = YES;
				GCC_WARN_ABOUT_RETURN_TYPE = YES_ERROR;
				GCC_WARN_UNDECLARED_SELECTOR = YES;
				GCC_WARN_UNINITIALIZED_AUTOS = YES_AGGRESSIVE;
				GCC_WARN_UNUSED_FUNCTION = YES;
				GCC_WARN_UNUSED_VARIABLE = YES;
				IPHONEOS_DEPLOYMENT_TARGET = 16.2;
				MTL_ENABLE_DEBUG_INFO = NO;
				MTL_FAST_MATH = YES;
				SDKROOT = iphoneos;
				SWIFT_COMPILATION_MODE = wholemodule;
				SWIFT_OPTIMIZATION_LEVEL = "-O";
				VALIDATE_PRODUCT = YES;
			};
			name = Release;
		};
		171ECA8A2A41140600EF3EFE /* Debug */ = {
			isa = XCBuildConfiguration;
			buildSettings = {
				ASSETCATALOG_COMPILER_APPICON_NAME = AppIcon;
				ASSETCATALOG_COMPILER_GLOBAL_ACCENT_COLOR_NAME = AccentColor;
				CODE_SIGN_STYLE = Automatic;
				CURRENT_PROJECT_VERSION = 1;
				DEVELOPMENT_ASSET_PATHS = "\"Task/Preview Content\"";
				DEVELOPMENT_TEAM = XJKYMXG9Q8;
				ENABLE_PREVIEWS = YES;
				GENERATE_INFOPLIST_FILE = YES;
				INFOPLIST_KEY_UIApplicationSceneManifest_Generation = YES;
				INFOPLIST_KEY_UIApplicationSupportsIndirectInputEvents = YES;
				INFOPLIST_KEY_UILaunchScreen_Generation = YES;
				INFOPLIST_KEY_UISupportedInterfaceOrientations = "UIInterfaceOrientationPortrait UIInterfaceOrientationPortraitUpsideDown";
				LD_RUNPATH_SEARCH_PATHS = (
					"$(inherited)",
					"@executable_path/Frameworks",
				);
				MARKETING_VERSION = 1.0;
				PRODUCT_BUNDLE_IDENTIFIER = home.Task;
				PRODUCT_NAME = "$(TARGET_NAME)";
				SWIFT_EMIT_LOC_STRINGS = YES;
				SWIFT_VERSION = 5.0;
				TARGETED_DEVICE_FAMILY = "1,2";
			};
			name = Debug;
		};
		171ECA8B2A41140600EF3EFE /* Release */ = {
			isa = XCBuildConfiguration;
			buildSettings = {
				ASSETCATALOG_COMPILER_APPICON_NAME = AppIcon;
				ASSETCATALOG_COMPILER_GLOBAL_ACCENT_COLOR_NAME = AccentColor;
				CODE_SIGN_STYLE = Automatic;
				CURRENT_PROJECT_VERSION = 1;
				DEVELOPMENT_ASSET_PATHS = "\"Task/Preview Content\"";
				DEVELOPMENT_TEAM = XJKYMXG9Q8;
				ENABLE_PREVIEWS = YES;
				GENERATE_INFOPLIST_FILE = YES;
				INFOPLIST_KEY_UIApplicationSceneManifest_Generation = YES;
				INFOPLIST_KEY_UIApplicationSupportsIndirectInputEvents = YES;
				INFOPLIST_KEY_UILaunchScreen_Generation = YES;
				INFOPLIST_KEY_UISupportedInterfaceOrientations = "UIInterfaceOrientationPortrait UIInterfaceOrientationPortraitUpsideDown";
				LD_RUNPATH_SEARCH_PATHS = (
					"$(inherited)",
					"@executable_path/Frameworks",
				);
				MARKETING_VERSION = 1.0;
				PRODUCT_BUNDLE_IDENTIFIER = home.Task;
				PRODUCT_NAME = "$(TARGET_NAME)";
				SWIFT_EMIT_LOC_STRINGS = YES;
				SWIFT_VERSION = 5.0;
				TARGETED_DEVICE_FAMILY = "1,2";
			};
			name = Release;
		};
/* End XCBuildConfiguration section */

/* Begin XCConfigurationList section */
		171ECA762A41140500EF3EFE /* Build configuration list for PBXProject "Task" */ = {
			isa = XCConfigurationList;
			buildConfigurations = (
				171ECA872A41140600EF3EFE /* Debug */,
				171ECA882A41140600EF3EFE /* Release */,
			);
			defaultConfigurationIsVisible = 0;
			defaultConfigurationName = Release;
		};
		171ECA892A41140600EF3EFE /* Build configuration list for PBXNativeTarget "Task" */ = {
			isa = XCConfigurationList;
			buildConfigurations = (
				171ECA8A2A41140600EF3EFE /* Debug */,
				171ECA8B2A41140600EF3EFE /* Release */,
			);
			defaultConfigurationIsVisible = 0;
			defaultConfigurationName = Release;
		};
/* End XCConfigurationList section */

/* Begin XCVersionGroup section */
		1701D49F2A4E35D300131D3B /* DataModel.xcdatamodeld */ = {
			isa = XCVersionGroup;
			children = (
				1701D4A02A4E35D300131D3B /* DataModel.xcdatamodel */,
			);
			currentVersion = 1701D4A02A4E35D300131D3B /* DataModel.xcdatamodel */;
			path = DataModel.xcdatamodeld;
			sourceTree = "<group>";
			versionGroupType = wrapper.xcdatamodel;
		};
/* End XCVersionGroup section */
	};
	rootObject = 171ECA732A41140500EF3EFE /* Project object */;
}
